
Microsoft Visual Studio Solution File, Format Version 12.00
# Visual Studio Version 16
VisualStudioVersion = 16.0.30128.74
MinimumVisualStudioVersion = 10.0.40219.1
Project("{FAE04EC0-301F-11D3-BF4B-00C04F79EFBC}") = "CryptoService", "CryptoService\CryptoService.csproj", "{0EA42C46-5796-4422-BC6D-7DB2BA6CCD7A}"
EndProject
Project("{FAE04EC0-301F-11D3-BF4B-00C04F79EFBC}") = "CryptoService.Test", "CryptoService.Test\CryptoService.Test.csproj", "{D50BC693-A123-4964-8EFA-ADD4A68100A8}"
EndProject
Global
	GlobalSection(SolutionConfigurationPlatforms) = preSolution
		Debug|Any CPU = Debug|Any CPU
		Release|Any CPU = Release|Any CPU
	EndGlobalSection
	GlobalSection(ProjectConfigurationPlatforms) = postSolution
		{0EA42C46-5796-4422-BC6D-7DB2BA6CCD7A}.Debug|Any CPU.ActiveCfg = Debug|Any CPU
		{0EA42C46-5796-4422-BC6D-7DB2BA6CCD7A}.Debug|Any CPU.Build.0 = Debug|Any CPU
		{0EA42C46-5796-4422-BC6D-7DB2BA6CCD7A}.Release|Any CPU.ActiveCfg = Release|Any CPU
		{0EA42C46-5796-4422-BC6D-7DB2BA6CCD7A}.Release|Any CPU.Build.0 = Release|Any CPU
		{D50BC693-A123-4964-8EFA-ADD4A68100A8}.Debug|Any CPU.ActiveCfg = Debug|Any CPU
		{D50BC693-A123-4964-8EFA-ADD4A68100A8}.Debug|Any CPU.Build.0 = Debug|Any CPU
		{D50BC693-A123-4964-8EFA-ADD4A68100A8}.Release|Any CPU.ActiveCfg = Release|Any CPU
		{D50BC693-A123-4964-8EFA-ADD4A68100A8}.Release|Any CPU.Build.0 = Release|Any CPU
	EndGlobalSection
	GlobalSection(SolutionProperties) = preSolution
		HideSolutionNode = FALSE
	EndGlobalSection
	GlobalSection(ExtensibilityGlobals) = postSolution
		SolutionGuid = {602DB857-6BAA-4B64-B30A-0F634D824A3E}
	EndGlobalSection
EndGlobal
