
Microsoft Visual Studio Solution File, Format Version 12.00
# Visual Studio Version 16
VisualStudioVersion = 16.0.29020.237
MinimumVisualStudioVersion = 10.0.40219.1
Project("{FAE04EC0-301F-11D3-BF4B-00C04F79EFBC}") = "ErpServices", "ErpServices\ErpServices.csproj", "{14410A5B-F007-43D0-AE37-D2A0B187B462}"
EndProject
Global
	GlobalSection(SolutionConfigurationPlatforms) = preSolution
		Debug|Any CPU = Debug|Any CPU
		Release|Any CPU = Release|Any CPU
	EndGlobalSection
	GlobalSection(ProjectConfigurationPlatforms) = postSolution
		{14410A5B-F007-43D0-AE37-D2A0B187B462}.Debug|Any CPU.ActiveCfg = Debug|Any CPU
		{14410A5B-F007-43D0-AE37-D2A0B187B462}.Debug|Any CPU.Build.0 = Debug|Any CPU
		{14410A5B-F007-43D0-AE37-D2A0B187B462}.Release|Any CPU.ActiveCfg = Release|Any CPU
		{14410A5B-F007-43D0-AE37-D2A0B187B462}.Release|Any CPU.Build.0 = Release|Any CPU
	EndGlobalSection
	GlobalSection(SolutionProperties) = preSolution
		HideSolutionNode = FALSE
	EndGlobalSection
	GlobalSection(ExtensibilityGlobals) = postSolution
		SolutionGuid = {E25EF0EA-59B6-4C91-95AD-B8CA2B690A9C}
	EndGlobalSection
EndGlobal
