
Microsoft Visual Studio Solution File, Format Version 12.00
# Visual Studio Version 16
VisualStudioVersion = 16.0.29020.237
MinimumVisualStudioVersion = 10.0.40219.1
Project("{FAE04EC0-301F-11D3-BF4B-00C04F79EFBC}") = "ErpServices", "ErpServices\ErpServices.csproj", "{14410A5B-F007-43D0-AE37-D2A0B187B462}"
EndProject
Project("{FAE04EC0-301F-11D3-BF4B-00C04F79EFBC}") = "ErpServices.VDS", "ErpServices.VDS\ErpServices.VDS.csproj", "{8C4B884E-F95E-42C8-8431-55B85FBE5184}"
EndProject
Project("{FAE04EC0-301F-11D3-BF4B-00C04F79EFBC}") = "Common", "Common\Common.csproj", "{E23DD630-C3B2-4FB1-811F-27F4356B8A25}"
EndProject
Project("{FAE04EC0-301F-11D3-BF4B-00C04F79EFBC}") = "dataStandard.UI", "dataStandard.UI\dataStandard.UI.csproj", "{457A8BB7-9E85-4857-9B0C-420DA9ABC427}"
EndProject
Project("{F5034706-568F-408A-B7B3-4D38C6DB8A32}") = "ErpServices.WorkflowEnhancements", "ErpServices.WorkflowEnhancements\ErpServices.WorkflowEnhancements.pssproj", "{6CAFC0C6-A428-4D30-A9F9-700E829FEA51}"
EndProject
Global
	GlobalSection(SolutionConfigurationPlatforms) = preSolution
		Debug|Any CPU = Debug|Any CPU
		Release|Any CPU = Release|Any CPU
	EndGlobalSection
	GlobalSection(ProjectConfigurationPlatforms) = postSolution
		{14410A5B-F007-43D0-AE37-D2A0B187B462}.Debug|Any CPU.ActiveCfg = Debug|Any CPU
		{14410A5B-F007-43D0-AE37-D2A0B187B462}.Debug|Any CPU.Build.0 = Debug|Any CPU
		{14410A5B-F007-43D0-AE37-D2A0B187B462}.Release|Any CPU.ActiveCfg = Release|Any CPU
		{14410A5B-F007-43D0-AE37-D2A0B187B462}.Release|Any CPU.Build.0 = Release|Any CPU
		{8C4B884E-F95E-42C8-8431-55B85FBE5184}.Debug|Any CPU.ActiveCfg = Debug|x64
		{8C4B884E-F95E-42C8-8431-55B85FBE5184}.Release|Any CPU.ActiveCfg = Release|x64
		{E23DD630-C3B2-4FB1-811F-27F4356B8A25}.Debug|Any CPU.ActiveCfg = Debug|Any CPU
		{E23DD630-C3B2-4FB1-811F-27F4356B8A25}.Debug|Any CPU.Build.0 = Debug|Any CPU
		{E23DD630-C3B2-4FB1-811F-27F4356B8A25}.Release|Any CPU.ActiveCfg = Release|Any CPU
		{E23DD630-C3B2-4FB1-811F-27F4356B8A25}.Release|Any CPU.Build.0 = Release|Any CPU
		{457A8BB7-9E85-4857-9B0C-420DA9ABC427}.Debug|Any CPU.ActiveCfg = Debug|Any CPU
		{457A8BB7-9E85-4857-9B0C-420DA9ABC427}.Debug|Any CPU.Build.0 = Debug|Any CPU
		{457A8BB7-9E85-4857-9B0C-420DA9ABC427}.Release|Any CPU.ActiveCfg = Release|Any CPU
		{457A8BB7-9E85-4857-9B0C-420DA9ABC427}.Release|Any CPU.Build.0 = Release|Any CPU
		{6CAFC0C6-A428-4D30-A9F9-700E829FEA51}.Debug|Any CPU.ActiveCfg = Debug|Any CPU
		{6CAFC0C6-A428-4D30-A9F9-700E829FEA51}.Debug|Any CPU.Build.0 = Debug|Any CPU
		{6CAFC0C6-A428-4D30-A9F9-700E829FEA51}.Release|Any CPU.ActiveCfg = Release|Any CPU
		{6CAFC0C6-A428-4D30-A9F9-700E829FEA51}.Release|Any CPU.Build.0 = Release|Any CPU
	EndGlobalSection
	GlobalSection(SolutionProperties) = preSolution
		HideSolutionNode = FALSE
	EndGlobalSection
	GlobalSection(ExtensibilityGlobals) = postSolution
		SolutionGuid = {E25EF0EA-59B6-4C91-95AD-B8CA2B690A9C}
	EndGlobalSection
EndGlobal
